# This file is autogenerated, do not edit; changes may be undone by the next 'dep ensure'.


[[projects]]
  branch = "master"
  name = "github.com/buger/goterm"
  packages = ["."]
  revision = "c9def0117b24a53e86f6c4c942e4042090a4fe8c"

[[projects]]
  branch = "master"
  name = "golang.org/x/sys"
  packages = ["unix"]
  revision = "378d26f46672a356c46195c28f61bdb4c0a781dd"

[solve-meta]
  analyzer-name = "dep"
  analyzer-version = 1
  inputs-digest = "be3c0fb36ed0ed86686d1c7ecf07d36534f53abaedf1781a5b16f30a322b5e94"
  solver-name = "gps-cdcl"
  solver-version = 1
